
Microsoft Visual Studio Solution File, Format Version 12.00
# Visual Studio Version 17
VisualStudioVersion = 17.2.32630.192
MinimumVisualStudioVersion = 10.0.40219.1
Project("{FAE04EC0-301F-11D3-BF4B-00C04F79EFBC}") = "TestTaskNS.Backend", "TestTaskNS.Backend\TestTaskNS.Backend.csproj", "{FFB068AA-9586-425E-803C-A9392C58BC85}"
EndProject
Project("{FAE04EC0-301F-11D3-BF4B-00C04F79EFBC}") = "TestTaskNS.Domain", "TestTaskNS.Domain\TestTaskNS.Domain.csproj", "{F0518138-B79E-4C4B-B76E-1468D8896739}"
EndProject
Project("{FAE04EC0-301F-11D3-BF4B-00C04F79EFBC}") = "TestTaskNS.BL", "TestTaskNS.BL\TestTaskNS.BL.csproj", "{9AA1FB65-582A-433F-9FD6-8A00C31DC575}"
EndProject
Global
	GlobalSection(SolutionConfigurationPlatforms) = preSolution
		Debug|Any CPU = Debug|Any CPU
		Release|Any CPU = Release|Any CPU
	EndGlobalSection
	GlobalSection(ProjectConfigurationPlatforms) = postSolution
		{FFB068AA-9586-425E-803C-A9392C58BC85}.Debug|Any CPU.ActiveCfg = Debug|Any CPU
		{FFB068AA-9586-425E-803C-A9392C58BC85}.Debug|Any CPU.Build.0 = Debug|Any CPU
		{FFB068AA-9586-425E-803C-A9392C58BC85}.Release|Any CPU.ActiveCfg = Release|Any CPU
		{FFB068AA-9586-425E-803C-A9392C58BC85}.Release|Any CPU.Build.0 = Release|Any CPU
		{F0518138-B79E-4C4B-B76E-1468D8896739}.Debug|Any CPU.ActiveCfg = Debug|Any CPU
		{F0518138-B79E-4C4B-B76E-1468D8896739}.Debug|Any CPU.Build.0 = Debug|Any CPU
		{F0518138-B79E-4C4B-B76E-1468D8896739}.Release|Any CPU.ActiveCfg = Release|Any CPU
		{F0518138-B79E-4C4B-B76E-1468D8896739}.Release|Any CPU.Build.0 = Release|Any CPU
		{9AA1FB65-582A-433F-9FD6-8A00C31DC575}.Debug|Any CPU.ActiveCfg = Debug|Any CPU
		{9AA1FB65-582A-433F-9FD6-8A00C31DC575}.Debug|Any CPU.Build.0 = Debug|Any CPU
		{9AA1FB65-582A-433F-9FD6-8A00C31DC575}.Release|Any CPU.ActiveCfg = Release|Any CPU
		{9AA1FB65-582A-433F-9FD6-8A00C31DC575}.Release|Any CPU.Build.0 = Release|Any CPU
	EndGlobalSection
	GlobalSection(SolutionProperties) = preSolution
		HideSolutionNode = FALSE
	EndGlobalSection
	GlobalSection(ExtensibilityGlobals) = postSolution
		SolutionGuid = {9AB7B5B2-F18F-4954-8126-EB743DBD0AF5}
	EndGlobalSection
EndGlobal
